
Microsoft Visual Studio Solution File, Format Version 12.00
# Visual Studio Version 16
VisualStudioVersion = 16.0.31424.327
MinimumVisualStudioVersion = 10.0.40219.1
Project("{FAE04EC0-301F-11D3-BF4B-00C04F79EFBC}") = "ZLIBCompDecomp", "ZLIBCompDecomp.csproj", "{16AEBD69-556D-4E0A-BCB2-11D5EE8E9662}"
EndProject
Global
	GlobalSection(SolutionConfigurationPlatforms) = preSolution
		Debug|Any CPU = Debug|Any CPU
		Release|Any CPU = Release|Any CPU
	EndGlobalSection
	GlobalSection(ProjectConfigurationPlatforms) = postSolution
		{16AEBD69-556D-4E0A-BCB2-11D5EE8E9662}.Debug|Any CPU.ActiveCfg = Debug|Any CPU
		{16AEBD69-556D-4E0A-BCB2-11D5EE8E9662}.Debug|Any CPU.Build.0 = Debug|Any CPU
		{16AEBD69-556D-4E0A-BCB2-11D5EE8E9662}.Release|Any CPU.ActiveCfg = Release|Any CPU
		{16AEBD69-556D-4E0A-BCB2-11D5EE8E9662}.Release|Any CPU.Build.0 = Release|Any CPU
	EndGlobalSection
	GlobalSection(SolutionProperties) = preSolution
		HideSolutionNode = FALSE
	EndGlobalSection
	GlobalSection(ExtensibilityGlobals) = postSolution
		SolutionGuid = {DA01CEB0-EFE9-4AA8-B220-E75B3C898383}
	EndGlobalSection
EndGlobal
